
Microsoft Visual Studio Solution File, Format Version 12.00
# Visual Studio 15
VisualStudioVersion = 15.0.27703.2035
MinimumVisualStudioVersion = 10.0.40219.1
Project("{9A19103F-16F7-4668-BE54-9A1E7A4F7556}") = "EFCore.Data", "EFCore.Data\EFCore.Data.csproj", "{F9D75844-426F-4E02-AE1A-63117A950492}"
EndProject
Project("{9A19103F-16F7-4668-BE54-9A1E7A4F7556}") = "EFCore.Domain", "EFCore.Domain\EFCore.Domain.csproj", "{9FF8DCDC-9524-4686-9119-AB6D8838D4BB}"
EndProject
Project("{FAE04EC0-301F-11D3-BF4B-00C04F79EFBC}") = "EFCore.Console", "EFCore.Console\EFCore.Console.csproj", "{762005F2-D327-49C1-899B-27AC26D911B5}"
EndProject
Project("{2150E333-8FDC-42A3-9474-1A3956D46DE8}") = "Solution Items", "Solution Items", "{13A06238-8C52-4D2A-A847-C9948B9FD568}"
EndProject
Project("{9A19103F-16F7-4668-BE54-9A1E7A4F7556}") = "Library.API", "Library.API\Library.API.csproj", "{00F89B05-700F-4275-BD9A-E666D32A02F3}"
EndProject
Global
	GlobalSection(SolutionConfigurationPlatforms) = preSolution
		Debug|Any CPU = Debug|Any CPU
		Release|Any CPU = Release|Any CPU
	EndGlobalSection
	GlobalSection(ProjectConfigurationPlatforms) = postSolution
		{F9D75844-426F-4E02-AE1A-63117A950492}.Debug|Any CPU.ActiveCfg = Debug|Any CPU
		{F9D75844-426F-4E02-AE1A-63117A950492}.Debug|Any CPU.Build.0 = Debug|Any CPU
		{F9D75844-426F-4E02-AE1A-63117A950492}.Release|Any CPU.ActiveCfg = Release|Any CPU
		{F9D75844-426F-4E02-AE1A-63117A950492}.Release|Any CPU.Build.0 = Release|Any CPU
		{9FF8DCDC-9524-4686-9119-AB6D8838D4BB}.Debug|Any CPU.ActiveCfg = Debug|Any CPU
		{9FF8DCDC-9524-4686-9119-AB6D8838D4BB}.Debug|Any CPU.Build.0 = Debug|Any CPU
		{9FF8DCDC-9524-4686-9119-AB6D8838D4BB}.Release|Any CPU.ActiveCfg = Release|Any CPU
		{9FF8DCDC-9524-4686-9119-AB6D8838D4BB}.Release|Any CPU.Build.0 = Release|Any CPU
		{762005F2-D327-49C1-899B-27AC26D911B5}.Debug|Any CPU.ActiveCfg = Debug|Any CPU
		{762005F2-D327-49C1-899B-27AC26D911B5}.Debug|Any CPU.Build.0 = Debug|Any CPU
		{762005F2-D327-49C1-899B-27AC26D911B5}.Release|Any CPU.ActiveCfg = Release|Any CPU
		{762005F2-D327-49C1-899B-27AC26D911B5}.Release|Any CPU.Build.0 = Release|Any CPU
		{00F89B05-700F-4275-BD9A-E666D32A02F3}.Debug|Any CPU.ActiveCfg = Debug|Any CPU
		{00F89B05-700F-4275-BD9A-E666D32A02F3}.Debug|Any CPU.Build.0 = Debug|Any CPU
		{00F89B05-700F-4275-BD9A-E666D32A02F3}.Release|Any CPU.ActiveCfg = Release|Any CPU
		{00F89B05-700F-4275-BD9A-E666D32A02F3}.Release|Any CPU.Build.0 = Release|Any CPU
	EndGlobalSection
	GlobalSection(SolutionProperties) = preSolution
		HideSolutionNode = FALSE
	EndGlobalSection
	GlobalSection(ExtensibilityGlobals) = postSolution
		SolutionGuid = {D359983C-7861-4FB3-A5DD-F36079D94ECD}
	EndGlobalSection
EndGlobal
